
Microsoft Visual Studio Solution File, Format Version 12.00
# Visual Studio Version 16
VisualStudioVersion = 16.0.31229.75
MinimumVisualStudioVersion = 10.0.40219.1
Project("{2150E333-8FDC-42A3-9474-1A3956D46DE8}") = "Services", "Services", "{74A10CC0-E0F1-4A0D-8B9C-DD76365BA75F}"
EndProject
Project("{2150E333-8FDC-42A3-9474-1A3956D46DE8}") = "Catalog", "Catalog", "{CD8285C6-31F1-49E3-840F-5C539142F115}"
EndProject
Project("{9A19103F-16F7-4668-BE54-9A1E7A4F7556}") = "Catalog.API", "Services\Catalog\Catalog.API\Catalog.API.csproj", "{C7FE4CDD-1B74-4AB6-847F-A44702023FA1}"
EndProject
Project("{E53339B2-1760-4266-BCC7-CA923CBCF16C}") = "docker-compose", "docker-compose.dcproj", "{E55E1D6B-C789-4D70-9551-02B5459F7E9C}"
EndProject
Project("{2150E333-8FDC-42A3-9474-1A3956D46DE8}") = "Basket", "Basket", "{C1D91140-A524-4DEE-9A44-B04E232063C7}"
EndProject
Project("{9A19103F-16F7-4668-BE54-9A1E7A4F7556}") = "Basket.API", "Services\Basket\Basket.API\Basket.API.csproj", "{F43AEE95-7FFC-448D-A153-61E20720F205}"
EndProject
Project("{2150E333-8FDC-42A3-9474-1A3956D46DE8}") = "Discount", "Discount", "{AEFF7870-650A-4FFB-A5C5-529331838C2A}"
EndProject
Global
	GlobalSection(SolutionConfigurationPlatforms) = preSolution
		Debug|Any CPU = Debug|Any CPU
		Release|Any CPU = Release|Any CPU
	EndGlobalSection
	GlobalSection(ProjectConfigurationPlatforms) = postSolution
		{C7FE4CDD-1B74-4AB6-847F-A44702023FA1}.Debug|Any CPU.ActiveCfg = Debug|Any CPU
		{C7FE4CDD-1B74-4AB6-847F-A44702023FA1}.Debug|Any CPU.Build.0 = Debug|Any CPU
		{C7FE4CDD-1B74-4AB6-847F-A44702023FA1}.Release|Any CPU.ActiveCfg = Release|Any CPU
		{C7FE4CDD-1B74-4AB6-847F-A44702023FA1}.Release|Any CPU.Build.0 = Release|Any CPU
		{E55E1D6B-C789-4D70-9551-02B5459F7E9C}.Debug|Any CPU.ActiveCfg = Debug|Any CPU
		{E55E1D6B-C789-4D70-9551-02B5459F7E9C}.Debug|Any CPU.Build.0 = Debug|Any CPU
		{E55E1D6B-C789-4D70-9551-02B5459F7E9C}.Release|Any CPU.ActiveCfg = Release|Any CPU
		{E55E1D6B-C789-4D70-9551-02B5459F7E9C}.Release|Any CPU.Build.0 = Release|Any CPU
		{F43AEE95-7FFC-448D-A153-61E20720F205}.Debug|Any CPU.ActiveCfg = Debug|Any CPU
		{F43AEE95-7FFC-448D-A153-61E20720F205}.Debug|Any CPU.Build.0 = Debug|Any CPU
		{F43AEE95-7FFC-448D-A153-61E20720F205}.Release|Any CPU.ActiveCfg = Release|Any CPU
		{F43AEE95-7FFC-448D-A153-61E20720F205}.Release|Any CPU.Build.0 = Release|Any CPU
	EndGlobalSection
	GlobalSection(SolutionProperties) = preSolution
		HideSolutionNode = FALSE
	EndGlobalSection
	GlobalSection(NestedProjects) = preSolution
		{CD8285C6-31F1-49E3-840F-5C539142F115} = {74A10CC0-E0F1-4A0D-8B9C-DD76365BA75F}
		{C7FE4CDD-1B74-4AB6-847F-A44702023FA1} = {CD8285C6-31F1-49E3-840F-5C539142F115}
		{C1D91140-A524-4DEE-9A44-B04E232063C7} = {74A10CC0-E0F1-4A0D-8B9C-DD76365BA75F}
		{F43AEE95-7FFC-448D-A153-61E20720F205} = {C1D91140-A524-4DEE-9A44-B04E232063C7}
		{AEFF7870-650A-4FFB-A5C5-529331838C2A} = {74A10CC0-E0F1-4A0D-8B9C-DD76365BA75F}
	EndGlobalSection
	GlobalSection(ExtensibilityGlobals) = postSolution
		SolutionGuid = {269C5CAB-6AB5-4AFF-86F1-C0B64A07917F}
	EndGlobalSection
EndGlobal
